// !$*UTF8*$!
{
	archiveVersion = 1;
	classes = {
	};
	objectVersion = 50;
	objects = {

/* Begin PBXBuildFile section */
		D03816C1248EF0FC0052FF59 /* AppDelegate.swift in Sources */ = {isa = PBXBuildFile; fileRef = D03816C0248EF0FC0052FF59 /* AppDelegate.swift */; };
		D03816C3248EF0FC0052FF59 /* SceneDelegate.swift in Sources */ = {isa = PBXBuildFile; fileRef = D03816C2248EF0FC0052FF59 /* SceneDelegate.swift */; };
		D03816C5248EF0FC0052FF59 /* ViewController.swift in Sources */ = {isa = PBXBuildFile; fileRef = D03816C4248EF0FC0052FF59 /* ViewController.swift */; };
		D03816C8248EF0FC0052FF59 /* Main.storyboard in Resources */ = {isa = PBXBuildFile; fileRef = D03816C6248EF0FC0052FF59 /* Main.storyboard */; };
		D03816CA248EF0FF0052FF59 /* Assets.xcassets in Resources */ = {isa = PBXBuildFile; fileRef = D03816C9248EF0FF0052FF59 /* Assets.xcassets */; };
		D03816CD248EF0FF0052FF59 /* LaunchScreen.storyboard in Resources */ = {isa = PBXBuildFile; fileRef = D03816CB248EF0FF0052FF59 /* LaunchScreen.storyboard */; };
		D03816D5248EF5340052FF59 /* Model.swift in Sources */ = {isa = PBXBuildFile; fileRef = D03816D4248EF5340052FF59 /* Model.swift */; };
		D03816D7248EF54A0052FF59 /* NewViewController.swift in Sources */ = {isa = PBXBuildFile; fileRef = D03816D6248EF54A0052FF59 /* NewViewController.swift */; };
		D0692A5B248EF96C00E0EDC0 /* TableViewCell.swift in Sources */ = {isa = PBXBuildFile; fileRef = D0692A5A248EF96C00E0EDC0 /* TableViewCell.swift */; };
		D0FA9B7C2569125300588D31 /* UEFA CHAMPIONS LEAGUE.mp3 in Resources */ = {isa = PBXBuildFile; fileRef = D0FA9B7B2569125300588D31 /* UEFA CHAMPIONS LEAGUE.mp3 */; };
/* End PBXBuildFile section */

/* Begin PBXFileReference section */
		D03816BD248EF0FC0052FF59 /* Real.app */ = {isa = PBXFileReference; explicitFileType = wrapper.application; includeInIndex = 0; path = Real.app; sourceTree = BUILT_PRODUCTS_DIR; };
		D03816C0248EF0FC0052FF59 /* AppDelegate.swift */ = {isa = PBXFileReference; lastKnownFileType = sourcecode.swift; path = AppDelegate.swift; sourceTree = "<group>"; };
		D03816C2248EF0FC0052FF59 /* SceneDelegate.swift */ = {isa = PBXFileReference; lastKnownFileType = sourcecode.swift; path = SceneDelegate.swift; sourceTree = "<group>"; };
		D03816C4248EF0FC0052FF59 /* ViewController.swift */ = {isa = PBXFileReference; lastKnownFileType = sourcecode.swift; path = ViewController.swift; sourceTree = "<group>"; };
		D03816C7248EF0FC0052FF59 /* Base */ = {isa = PBXFileReference; lastKnownFileType = file.storyboard; name = Base; path = Base.lproj/Main.storyboard; sourceTree = "<group>"; };
		D03816C9248EF0FF0052FF59 /* Assets.xcassets */ = {isa = PBXFileReference; lastKnownFileType = folder.assetcatalog; path = Assets.xcassets; sourceTree = "<group>"; };
		D03816CC248EF0FF0052FF59 /* Base */ = {isa = PBXFileReference; lastKnownFileType = file.storyboard; name = Base; path = Base.lproj/LaunchScreen.storyboard; sourceTree = "<group>"; };
		D03816CE248EF0FF0052FF59 /* Info.plist */ = {isa = PBXFileReference; lastKnownFileType = text.plist.xml; path = Info.plist; sourceTree = "<group>"; };
		D03816D4248EF5340052FF59 /* Model.swift */ = {isa = PBXFileReference; lastKnownFileType = sourcecode.swift; path = Model.swift; sourceTree = "<group>"; };
		D03816D6248EF54A0052FF59 /* NewViewController.swift */ = {isa = PBXFileReference; lastKnownFileType = sourcecode.swift; path = NewViewController.swift; sourceTree = "<group>"; };
		D0692A5A248EF96C00E0EDC0 /* TableViewCell.swift */ = {isa = PBXFileReference; lastKnownFileType = sourcecode.swift; path = TableViewCell.swift; sourceTree = "<group>"; };
		D0FA9B7B2569125300588D31 /* UEFA CHAMPIONS LEAGUE.mp3 */ = {isa = PBXFileReference; lastKnownFileType = audio.mp3; path = "UEFA CHAMPIONS LEAGUE.mp3"; sourceTree = "<group>"; };
/* End PBXFileReference section */

/* Begin PBXFrameworksBuildPhase section */
		D03816BA248EF0FC0052FF59 /* Frameworks */ = {
			isa = PBXFrameworksBuildPhase;
			buildActionMask = 2147483647;
			files = (
			);
			runOnlyForDeploymentPostprocessing = 0;
		};
/* End PBXFrameworksBuildPhase section */

/* Begin PBXGroup section */
		D03816B4248EF0FB0052FF59 = {
			isa = PBXGroup;
			children = (
				D03816BF248EF0FC0052FF59 /* Real */,
				D0692A60248EFA0600E0EDC0 /* Delegates */,
				D03816BE248EF0FC0052FF59 /* Products */,
			);
			sourceTree = "<group>";
		};
		D03816BE248EF0FC0052FF59 /* Products */ = {
			isa = PBXGroup;
			children = (
				D03816BD248EF0FC0052FF59 /* Real.app */,
			);
			name = Products;
			sourceTree = "<group>";
		};
		D03816BF248EF0FC0052FF59 /* Real */ = {
			isa = PBXGroup;
			children = (
				D03816CE248EF0FF0052FF59 /* Info.plist */,
				D0692A5C248EF9B600E0EDC0 /* Models */,
				D0692A5F248EF9EC00E0EDC0 /* Views */,
				D0692A5D248EF9BF00E0EDC0 /* Controllers */,
				D0692A5E248EF9DA00E0EDC0 /* Storyboards */,
				D0692A61248EFA0E00E0EDC0 /* Assets */,
			);
			path = Real;
			sourceTree = "<group>";
		};
		D0692A5C248EF9B600E0EDC0 /* Models */ = {
			isa = PBXGroup;
			children = (
				D03816D4248EF5340052FF59 /* Model.swift */,
			);
			path = Models;
			sourceTree = "<group>";
		};
		D0692A5D248EF9BF00E0EDC0 /* Controllers */ = {
			isa = PBXGroup;
			children = (
				D03816C4248EF0FC0052FF59 /* ViewController.swift */,
				D03816D6248EF54A0052FF59 /* NewViewController.swift */,
			);
			path = Controllers;
			sourceTree = "<group>";
		};
		D0692A5E248EF9DA00E0EDC0 /* Storyboards */ = {
			isa = PBXGroup;
			children = (
				D03816C6248EF0FC0052FF59 /* Main.storyboard */,
				D03816CB248EF0FF0052FF59 /* LaunchScreen.storyboard */,
			);
			path = Storyboards;
			sourceTree = "<group>";
		};
		D0692A5F248EF9EC00E0EDC0 /* Views */ = {
			isa = PBXGroup;
			children = (
				D0692A5A248EF96C00E0EDC0 /* TableViewCell.swift */,
			);
			path = Views;
			sourceTree = "<group>";
		};
		D0692A60248EFA0600E0EDC0 /* Delegates */ = {
			isa = PBXGroup;
			children = (
				D0FA9B7B2569125300588D31 /* UEFA CHAMPIONS LEAGUE.mp3 */,
				D03816C0248EF0FC0052FF59 /* AppDelegate.swift */,
				D03816C2248EF0FC0052FF59 /* SceneDelegate.swift */,
			);
			path = Delegates;
			sourceTree = "<group>";
		};
		D0692A61248EFA0E00E0EDC0 /* Assets */ = {
			isa = PBXGroup;
			children = (
				D03816C9248EF0FF0052FF59 /* Assets.xcassets */,
			);
			path = Assets;
			sourceTree = "<group>";
		};
/* End PBXGroup section */

/* Begin PBXNativeTarget section */
		D03816BC248EF0FC0052FF59 /* Real */ = {
			isa = PBXNativeTarget;
			buildConfigurationList = D03816D1248EF0FF0052FF59 /* Build configuration list for PBXNativeTarget "Real" */;
			buildPhases = (
				D03816B9248EF0FC0052FF59 /* Sources */,
				D03816BA248EF0FC0052FF59 /* Frameworks */,
				D03816BB248EF0FC0052FF59 /* Resources */,
			);
			buildRules = (
			);
			dependencies = (
			);
			name = Real;
			productName = Real;
			productReference = D03816BD248EF0FC0052FF59 /* Real.app */;
			productType = "com.apple.product-type.application";
		};
/* End PBXNativeTarget section */

/* Begin PBXProject section */
		D03816B5248EF0FB0052FF59 /* Project object */ = {
			isa = PBXProject;
			attributes = {
				LastSwiftUpdateCheck = 1150;
				LastUpgradeCheck = 1150;
				ORGANIZATIONNAME = VardanMakhsudyan;
				TargetAttributes = {
					D03816BC248EF0FC0052FF59 = {
						CreatedOnToolsVersion = 11.5;
					};
				};
			};
			buildConfigurationList = D03816B8248EF0FB0052FF59 /* Build configuration list for PBXProject "Real" */;
			compatibilityVersion = "Xcode 9.3";
			developmentRegion = en;
			hasScannedForEncodings = 0;
			knownRegions = (
				en,
				Base,
			);
			mainGroup = D03816B4248EF0FB0052FF59;
			productRefGroup = D03816BE248EF0FC0052FF59 /* Products */;
			projectDirPath = "";
			projectRoot = "";
			targets = (
				D03816BC248EF0FC0052FF59 /* Real */,
			);
		};
/* End PBXProject section */

/* Begin PBXResourcesBuildPhase section */
		D03816BB248EF0FC0052FF59 /* Resources */ = {
			isa = PBXResourcesBuildPhase;
			buildActionMask = 2147483647;
			files = (
				D03816CD248EF0FF0052FF59 /* LaunchScreen.storyboard in Resources */,
				D0FA9B7C2569125300588D31 /* UEFA CHAMPIONS LEAGUE.mp3 in Resources */,
				D03816CA248EF0FF0052FF59 /* Assets.xcassets in Resources */,
				D03816C8248EF0FC0052FF59 /* Main.storyboard in Resources */,
			);
			runOnlyForDeploymentPostprocessing = 0;
		};
/* End PBXResourcesBuildPhase section */

/* Begin PBXSourcesBuildPhase section */
		D03816B9248EF0FC0052FF59 /* Sources */ = {
			isa = PBXSourcesBuildPhase;
			buildActionMask = 2147483647;
			files = (
				D03816C5248EF0FC0052FF59 /* ViewController.swift in Sources */,
				D03816C1248EF0FC0052FF59 /* AppDelegate.swift in Sources */,
				D03816D7248EF54A0052FF59 /* NewViewController.swift in Sources */,
				D0692A5B248EF96C00E0EDC0 /* TableViewCell.swift in Sources */,
				D03816C3248EF0FC0052FF59 /* SceneDelegate.swift in Sources */,
				D03816D5248EF5340052FF59 /* Model.swift in Sources */,
			);
			runOnlyForDeploymentPostprocessing = 0;
		};
/* End PBXSourcesBuildPhase section */

/* Begin PBXVariantGroup section */
		D03816C6248EF0FC0052FF59 /* Main.storyboard */ = {
			isa = PBXVariantGroup;
			children = (
				D03816C7248EF0FC0052FF59 /* Base */,
			);
			name = Main.storyboard;
			sourceTree = "<group>";
		};
		D03816CB248EF0FF0052FF59 /* LaunchScreen.storyboard */ = {
			isa = PBXVariantGroup;
			children = (
				D03816CC248EF0FF0052FF59 /* Base */,
			);
			name = LaunchScreen.storyboard;
			sourceTree = "<group>";
		};
/* End PBXVariantGroup section */

/* Begin XCBuildConfiguration section */
		D03816CF248EF0FF0052FF59 /* Debug */ = {
			isa = XCBuildConfiguration;
			buildSettings = {
				ALWAYS_SEARCH_USER_PATHS = NO;
				CLANG_ANALYZER_NONNULL = YES;
				CLANG_ANALYZER_NUMBER_OBJECT_CONVERSION = YES_AGGRESSIVE;
				CLANG_CXX_LANGUAGE_STANDARD = "gnu++14";
				CLANG_CXX_LIBRARY = "libc++";
				CLANG_ENABLE_MODULES = YES;
				CLANG_ENABLE_OBJC_ARC = YES;
				CLANG_ENABLE_OBJC_WEAK = YES;
				CLANG_WARN_BLOCK_CAPTURE_AUTORELEASING = YES;
				CLANG_WARN_BOOL_CONVERSION = YES;
				CLANG_WARN_COMMA = YES;
				CLANG_WARN_CONSTANT_CONVERSION = YES;
				CLANG_WARN_DEPRECATED_OBJC_IMPLEMENTATIONS = YES;
				CLANG_WARN_DIRECT_OBJC_ISA_USAGE = YES_ERROR;
				CLANG_WARN_DOCUMENTATION_COMMENTS = YES;
				CLANG_WARN_EMPTY_BODY = YES;
				CLANG_WARN_ENUM_CONVERSION = YES;
				CLANG_WARN_INFINITE_RECURSION = YES;
				CLANG_WARN_INT_CONVERSION = YES;
				CLANG_WARN_NON_LITERAL_NULL_CONVERSION = YES;
				CLANG_WARN_OBJC_IMPLICIT_RETAIN_SELF = YES;
				CLANG_WARN_OBJC_LITERAL_CONVERSION = YES;
				CLANG_WARN_OBJC_ROOT_CLASS = YES_ERROR;
				CLANG_WARN_RANGE_LOOP_ANALYSIS = YES;
				CLANG_WARN_STRICT_PROTOTYPES = YES;
				CLANG_WARN_SUSPICIOUS_MOVE = YES;
				CLANG_WARN_UNGUARDED_AVAILABILITY = YES_AGGRESSIVE;
				CLANG_WARN_UNREACHABLE_CODE = YES;
				CLANG_WARN__DUPLICATE_METHOD_MATCH = YES;
				COPY_PHASE_STRIP = NO;
				DEBUG_INFORMATION_FORMAT = dwarf;
				ENABLE_STRICT_OBJC_MSGSEND = YES;
				ENABLE_TESTABILITY = YES;
				GCC_C_LANGUAGE_STANDARD = gnu11;
				GCC_DYNAMIC_NO_PIC = NO;
				GCC_NO_COMMON_BLOCKS = YES;
				GCC_OPTIMIZATION_LEVEL = 0;
				GCC_PREPROCESSOR_DEFINITIONS = (
					"DEBUG=1",
					"$(inherited)",
				);
				GCC_WARN_64_TO_32_BIT_CONVERSION = YES;
				GCC_WARN_ABOUT_RETURN_TYPE = YES_ERROR;
				GCC_WARN_UNDECLARED_SELECTOR = YES;
				GCC_WARN_UNINITIALIZED_AUTOS = YES_AGGRESSIVE;
				GCC_WARN_UNUSED_FUNCTION = YES;
				GCC_WARN_UNUSED_VARIABLE = YES;
				IPHONEOS_DEPLOYMENT_TARGET = 13.5;
				MTL_ENABLE_DEBUG_INFO = INCLUDE_SOURCE;
				MTL_FAST_MATH = YES;
				ONLY_ACTIVE_ARCH = YES;
				SDKROOT = iphoneos;
				SWIFT_ACTIVE_COMPILATION_CONDITIONS = DEBUG;
				SWIFT_OPTIMIZATION_LEVEL = "-Onone";
			};
			name = Debug;
		};
		D03816D0248EF0FF0052FF59 /* Release */ = {
			isa = XCBuildConfiguration;
			buildSettings = {
				ALWAYS_SEARCH_USER_PATHS = NO;
				CLANG_ANALYZER_NONNULL = YES;
				CLANG_ANALYZER_NUMBER_OBJECT_CONVERSION = YES_AGGRESSIVE;
				CLANG_CXX_LANGUAGE_STANDARD = "gnu++14";
				CLANG_CXX_LIBRARY = "libc++";
				CLANG_ENABLE_MODULES = YES;
				CLANG_ENABLE_OBJC_ARC = YES;
				CLANG_ENABLE_OBJC_WEAK = YES;
				CLANG_WARN_BLOCK_CAPTURE_AUTORELEASING = YES;
				CLANG_WARN_BOOL_CONVERSION = YES;
				CLANG_WARN_COMMA = YES;
				CLANG_WARN_CONSTANT_CONVERSION = YES;
				CLANG_WARN_DEPRECATED_OBJC_IMPLEMENTATIONS = YES;
				CLANG_WARN_DIRECT_OBJC_ISA_USAGE = YES_ERROR;
				CLANG_WARN_DOCUMENTATION_COMMENTS = YES;
				CLANG_WARN_EMPTY_BODY = YES;
				CLANG_WARN_ENUM_CONVERSION = YES;
				CLANG_WARN_INFINITE_RECURSION = YES;
				CLANG_WARN_INT_CONVERSION = YES;
				CLANG_WARN_NON_LITERAL_NULL_CONVERSION = YES;
				CLANG_WARN_OBJC_IMPLICIT_RETAIN_SELF = YES;
				CLANG_WARN_OBJC_LITERAL_CONVERSION = YES;
				CLANG_WARN_OBJC_ROOT_CLASS = YES_ERROR;
				CLANG_WARN_RANGE_LOOP_ANALYSIS = YES;
				CLANG_WARN_STRICT_PROTOTYPES = YES;
				CLANG_WARN_SUSPICIOUS_MOVE = YES;
				CLANG_WARN_UNGUARDED_AVAILABILITY = YES_AGGRESSIVE;
				CLANG_WARN_UNREACHABLE_CODE = YES;
				CLANG_WARN__DUPLICATE_METHOD_MATCH = YES;
				COPY_PHASE_STRIP = NO;
				DEBUG_INFORMATION_FORMAT = "dwarf-with-dsym";
				ENABLE_NS_ASSERTIONS = NO;
				ENABLE_STRICT_OBJC_MSGSEND = YES;
				GCC_C_LANGUAGE_STANDARD = gnu11;
				GCC_NO_COMMON_BLOCKS = YES;
				GCC_WARN_64_TO_32_BIT_CONVERSION = YES;
				GCC_WARN_ABOUT_RETURN_TYPE = YES_ERROR;
				GCC_WARN_UNDECLARED_SELECTOR = YES;
				GCC_WARN_UNINITIALIZED_AUTOS = YES_AGGRESSIVE;
				GCC_WARN_UNUSED_FUNCTION = YES;
				GCC_WARN_UNUSED_VARIABLE = YES;
				IPHONEOS_DEPLOYMENT_TARGET = 13.5;
				MTL_ENABLE_DEBUG_INFO = NO;
				MTL_FAST_MATH = YES;
				SDKROOT = iphoneos;
				SWIFT_COMPILATION_MODE = wholemodule;
				SWIFT_OPTIMIZATION_LEVEL = "-O";
				VALIDATE_PRODUCT = YES;
			};
			name = Release;
		};
		D03816D2248EF0FF0052FF59 /* Debug */ = {
			isa = XCBuildConfiguration;
			buildSettings = {
				ASSETCATALOG_COMPILER_APPICON_NAME = AppIcon;
				CODE_SIGN_STYLE = Automatic;
				INFOPLIST_FILE = Real/Info.plist;
				LD_RUNPATH_SEARCH_PATHS = (
					"$(inherited)",
					"@executable_path/Frameworks",
				);
				PRODUCT_BUNDLE_IDENTIFIER = com.makhsudyan.Real;
				PRODUCT_NAME = "$(TARGET_NAME)";
				SWIFT_VERSION = 5.0;
				TARGETED_DEVICE_FAMILY = "1,2";
			};
			name = Debug;
		};
		D03816D3248EF0FF0052FF59 /* Release */ = {
			isa = XCBuildConfiguration;
			buildSettings = {
				ASSETCATALOG_COMPILER_APPICON_NAME = AppIcon;
				CODE_SIGN_STYLE = Automatic;
				INFOPLIST_FILE = Real/Info.plist;
				LD_RUNPATH_SEARCH_PATHS = (
					"$(inherited)",
					"@executable_path/Frameworks",
				);
				PRODUCT_BUNDLE_IDENTIFIER = com.makhsudyan.Real;
				PRODUCT_NAME = "$(TARGET_NAME)";
				SWIFT_VERSION = 5.0;
				TARGETED_DEVICE_FAMILY = "1,2";
			};
			name = Release;
		};
/* End XCBuildConfiguration section */

/* Begin XCConfigurationList section */
		D03816B8248EF0FB0052FF59 /* Build configuration list for PBXProject "Real" */ = {
			isa = XCConfigurationList;
			buildConfigurations = (
				D03816CF248EF0FF0052FF59 /* Debug */,
				D03816D0248EF0FF0052FF59 /* Release */,
			);
			defaultConfigurationIsVisible = 0;
			defaultConfigurationName = Release;
		};
		D03816D1248EF0FF0052FF59 /* Build configuration list for PBXNativeTarget "Real" */ = {
			isa = XCConfigurationList;
			buildConfigurations = (
				D03816D2248EF0FF0052FF59 /* Debug */,
				D03816D3248EF0FF0052FF59 /* Release */,
			);
			defaultConfigurationIsVisible = 0;
			defaultConfigurationName = Release;
		};
/* End XCConfigurationList section */
	};
	rootObject = D03816B5248EF0FB0052FF59 /* Project object */;
}
